{
    "_meta": {
        "hash": {
            "sha256": "1957a6c32ab063b020f73dc65f425dfc99c7d5f68f796572c821b84952ffc9f4"
        },
        "pipfile-spec": 6,
        "requires": {
            "mysql-connector-python": "*",
            "python_version": "3.8"
        },
        "sources": [
            {
                "name": "python-mysql-manager",
                "url": "https://pypi.org/python-mysql-manager",
                "verify_ssl": true
            }
        ]
    },
    "default": {},
    "develop": {}
}
